
Microsoft Visual Studio Solution File, Format Version 12.00
# Visual Studio Version 17
VisualStudioVersion = 17.5.33516.290
MinimumVisualStudioVersion = 10.0.40219.1
Project("{9A19103F-16F7-4668-BE54-9A1E7A4F7556}") = "Mx.NET.SDK.SmartSend", "Mx.NET.SDK.SmartSend\Mx.NET.SDK.SmartSend.csproj", "{7E9AD6B7-2E59-4FC2-AC1D-B6D819EA0ADD}"
EndProject
Global
	GlobalSection(SolutionConfigurationPlatforms) = preSolution
		Debug|Any CPU = Debug|Any CPU
		Release|Any CPU = Release|Any CPU
	EndGlobalSection
	GlobalSection(ProjectConfigurationPlatforms) = postSolution
		{7E9AD6B7-2E59-4FC2-AC1D-B6D819EA0ADD}.Debug|Any CPU.ActiveCfg = Debug|Any CPU
		{7E9AD6B7-2E59-4FC2-AC1D-B6D819EA0ADD}.Debug|Any CPU.Build.0 = Debug|Any CPU
		{7E9AD6B7-2E59-4FC2-AC1D-B6D819EA0ADD}.Release|Any CPU.ActiveCfg = Release|Any CPU
		{7E9AD6B7-2E59-4FC2-AC1D-B6D819EA0ADD}.Release|Any CPU.Build.0 = Release|Any CPU
	EndGlobalSection
	GlobalSection(SolutionProperties) = preSolution
		HideSolutionNode = FALSE
	EndGlobalSection
	GlobalSection(ExtensibilityGlobals) = postSolution
		SolutionGuid = {C2B9CA74-D626-475D-9821-B3A66D13B9A5}
	EndGlobalSection
EndGlobal
